// !$*UTF8*$!
{
	archiveVersion = 1;
	classes = {
	};
	objectVersion = 46;
	objects = {

/* Begin PBXBuildFile section */
		6605EC711950375900B78F5B /* Foundation.framework in Frameworks */ = {isa = PBXBuildFile; fileRef = 6605EC701950375900B78F5B /* Foundation.framework */; };
		6605EC731950375900B78F5B /* CoreGraphics.framework in Frameworks */ = {isa = PBXBuildFile; fileRef = 6605EC721950375900B78F5B /* CoreGraphics.framework */; };
		6605EC751950375900B78F5B /* UIKit.framework in Frameworks */ = {isa = PBXBuildFile; fileRef = 6605EC741950375900B78F5B /* UIKit.framework */; };
		6605EC7B1950375900B78F5B /* InfoPlist.strings in Resources */ = {isa = PBXBuildFile; fileRef = 6605EC791950375900B78F5B /* InfoPlist.strings */; };
		6605EC7D1950375900B78F5B /* main.m in Sources */ = {isa = PBXBuildFile; fileRef = 6605EC7C1950375900B78F5B /* main.m */; };
		6605EC811950375900B78F5B /* AppDelegate.m in Sources */ = {isa = PBXBuildFile; fileRef = 6605EC801950375900B78F5B /* AppDelegate.m */; };
		6605EC841950375900B78F5B /* Main.storyboard in Resources */ = {isa = PBXBuildFile; fileRef = 6605EC821950375900B78F5B /* Main.storyboard */; };
		6605EC871950375900B78F5B /* MasterViewController.m in Sources */ = {isa = PBXBuildFile; fileRef = 6605EC861950375900B78F5B /* MasterViewController.m */; };
		6605EC8A1950375900B78F5B /* DetailViewController.m in Sources */ = {isa = PBXBuildFile; fileRef = 6605EC891950375900B78F5B /* DetailViewController.m */; };
		6605EC8C1950375900B78F5B /* Images.xcassets in Resources */ = {isa = PBXBuildFile; fileRef = 6605EC8B1950375900B78F5B /* Images.xcassets */; };
		6605EC931950375900B78F5B /* XCTest.framework in Frameworks */ = {isa = PBXBuildFile; fileRef = 6605EC921950375900B78F5B /* XCTest.framework */; };
		6605EC941950375900B78F5B /* Foundation.framework in Frameworks */ = {isa = PBXBuildFile; fileRef = 6605EC701950375900B78F5B /* Foundation.framework */; };
		6605EC951950375900B78F5B /* UIKit.framework in Frameworks */ = {isa = PBXBuildFile; fileRef = 6605EC741950375900B78F5B /* UIKit.framework */; };
		6605EC9D1950375900B78F5B /* InfoPlist.strings in Resources */ = {isa = PBXBuildFile; fileRef = 6605EC9B1950375900B78F5B /* InfoPlist.strings */; };
		6605EC9F1950375900B78F5B /* _617Tests.m in Sources */ = {isa = PBXBuildFile; fileRef = 6605EC9E1950375900B78F5B /* _617Tests.m */; };
/* End PBXBuildFile section */

/* Begin PBXContainerItemProxy section */
		6605EC961950375900B78F5B /* PBXContainerItemProxy */ = {
			isa = PBXContainerItemProxy;
			containerPortal = 6605EC651950375900B78F5B /* Project object */;
			proxyType = 1;
			remoteGlobalIDString = 6605EC6C1950375900B78F5B;
			remoteInfo = 0617;
		};
/* End PBXContainerItemProxy section */

/* Begin PBXFileReference section */
		6605EC6D1950375900B78F5B /* 0617.app */ = {isa = PBXFileReference; explicitFileType = wrapper.application; includeInIndex = 0; path = 0617.app; sourceTree = BUILT_PRODUCTS_DIR; };
		6605EC701950375900B78F5B /* Foundation.framework */ = {isa = PBXFileReference; lastKnownFileType = wrapper.framework; name = Foundation.framework; path = System/Library/Frameworks/Foundation.framework; sourceTree = SDKROOT; };
		6605EC721950375900B78F5B /* CoreGraphics.framework */ = {isa = PBXFileReference; lastKnownFileType = wrapper.framework; name = CoreGraphics.framework; path = System/Library/Frameworks/CoreGraphics.framework; sourceTree = SDKROOT; };
		6605EC741950375900B78F5B /* UIKit.framework */ = {isa = PBXFileReference; lastKnownFileType = wrapper.framework; name = UIKit.framework; path = System/Library/Frameworks/UIKit.framework; sourceTree = SDKROOT; };
		6605EC781950375900B78F5B /* 0617-Info.plist */ = {isa = PBXFileReference; lastKnownFileType = text.plist.xml; path = "0617-Info.plist"; sourceTree = "<group>"; };
		6605EC7A1950375900B78F5B /* en */ = {isa = PBXFileReference; lastKnownFileType = text.plist.strings; name = en; path = en.lproj/InfoPlist.strings; sourceTree = "<group>"; };
		6605EC7C1950375900B78F5B /* main.m */ = {isa = PBXFileReference; lastKnownFileType = sourcecode.c.objc; path = main.m; sourceTree = "<group>"; };
		6605EC7E1950375900B78F5B /* 0617-Prefix.pch */ = {isa = PBXFileReference; lastKnownFileType = sourcecode.c.h; path = "0617-Prefix.pch"; sourceTree = "<group>"; };
		6605EC7F1950375900B78F5B /* AppDelegate.h */ = {isa = PBXFileReference; lastKnownFileType = sourcecode.c.h; path = AppDelegate.h; sourceTree = "<group>"; };
		6605EC801950375900B78F5B /* AppDelegate.m */ = {isa = PBXFileReference; lastKnownFileType = sourcecode.c.objc; path = AppDelegate.m; sourceTree = "<group>"; };
		6605EC831950375900B78F5B /* Base */ = {isa = PBXFileReference; lastKnownFileType = file.storyboard; name = Base; path = Base.lproj/Main.storyboard; sourceTree = "<group>"; };
		6605EC851950375900B78F5B /* MasterViewController.h */ = {isa = PBXFileReference; lastKnownFileType = sourcecode.c.h; path = MasterViewController.h; sourceTree = "<group>"; };
		6605EC861950375900B78F5B /* MasterViewController.m */ = {isa = PBXFileReference; lastKnownFileType = sourcecode.c.objc; path = MasterViewController.m; sourceTree = "<group>"; };
		6605EC881950375900B78F5B /* DetailViewController.h */ = {isa = PBXFileReference; lastKnownFileType = sourcecode.c.h; path = DetailViewController.h; sourceTree = "<group>"; };
		6605EC891950375900B78F5B /* DetailViewController.m */ = {isa = PBXFileReference; lastKnownFileType = sourcecode.c.objc; path = DetailViewController.m; sourceTree = "<group>"; };
		6605EC8B1950375900B78F5B /* Images.xcassets */ = {isa = PBXFileReference; lastKnownFileType = folder.assetcatalog; path = Images.xcassets; sourceTree = "<group>"; };
		6605EC911950375900B78F5B /* 0617Tests.xctest */ = {isa = PBXFileReference; explicitFileType = wrapper.cfbundle; includeInIndex = 0; path = 0617Tests.xctest; sourceTree = BUILT_PRODUCTS_DIR; };
		6605EC921950375900B78F5B /* XCTest.framework */ = {isa = PBXFileReference; lastKnownFileType = wrapper.framework; name = XCTest.framework; path = Library/Frameworks/XCTest.framework; sourceTree = DEVELOPER_DIR; };
		6605EC9A1950375900B78F5B /* 0617Tests-Info.plist */ = {isa = PBXFileReference; lastKnownFileType = text.plist.xml; path = "0617Tests-Info.plist"; sourceTree = "<group>"; };
		6605EC9C1950375900B78F5B /* en */ = {isa = PBXFileReference; lastKnownFileType = text.plist.strings; name = en; path = en.lproj/InfoPlist.strings; sourceTree = "<group>"; };
		6605EC9E1950375900B78F5B /* _617Tests.m */ = {isa = PBXFileReference; lastKnownFileType = sourcecode.c.objc; path = _617Tests.m; sourceTree = "<group>"; };
/* End PBXFileReference section */

/* Begin PBXFrameworksBuildPhase section */
		6605EC6A1950375900B78F5B /* Frameworks */ = {
			isa = PBXFrameworksBuildPhase;
			buildActionMask = 2147483647;
			files = (
				6605EC731950375900B78F5B /* CoreGraphics.framework in Frameworks */,
				6605EC751950375900B78F5B /* UIKit.framework in Frameworks */,
				6605EC711950375900B78F5B /* Foundation.framework in Frameworks */,
			);
			runOnlyForDeploymentPostprocessing = 0;
		};
		6605EC8E1950375900B78F5B /* Frameworks */ = {
			isa = PBXFrameworksBuildPhase;
			buildActionMask = 2147483647;
			files = (
				6605EC931950375900B78F5B /* XCTest.framework in Frameworks */,
				6605EC951950375900B78F5B /* UIKit.framework in Frameworks */,
				6605EC941950375900B78F5B /* Foundation.framework in Frameworks */,
			);
			runOnlyForDeploymentPostprocessing = 0;
		};
/* End PBXFrameworksBuildPhase section */

/* Begin PBXGroup section */
		6605EC641950375900B78F5B = {
			isa = PBXGroup;
			children = (
				6605EC761950375900B78F5B /* 0617 */,
				6605EC981950375900B78F5B /* 0617Tests */,
				6605EC6F1950375900B78F5B /* Frameworks */,
				6605EC6E1950375900B78F5B /* Products */,
			);
			sourceTree = "<group>";
		};
		6605EC6E1950375900B78F5B /* Products */ = {
			isa = PBXGroup;
			children = (
				6605EC6D1950375900B78F5B /* 0617.app */,
				6605EC911950375900B78F5B /* 0617Tests.xctest */,
			);
			name = Products;
			sourceTree = "<group>";
		};
		6605EC6F1950375900B78F5B /* Frameworks */ = {
			isa = PBXGroup;
			children = (
				6605EC701950375900B78F5B /* Foundation.framework */,
				6605EC721950375900B78F5B /* CoreGraphics.framework */,
				6605EC741950375900B78F5B /* UIKit.framework */,
				6605EC921950375900B78F5B /* XCTest.framework */,
			);
			name = Frameworks;
			sourceTree = "<group>";
		};
		6605EC761950375900B78F5B /* 0617 */ = {
			isa = PBXGroup;
			children = (
				6605EC7F1950375900B78F5B /* AppDelegate.h */,
				6605EC801950375900B78F5B /* AppDelegate.m */,
				6605EC821950375900B78F5B /* Main.storyboard */,
				6605EC851950375900B78F5B /* MasterViewController.h */,
				6605EC861950375900B78F5B /* MasterViewController.m */,
				6605EC881950375900B78F5B /* DetailViewController.h */,
				6605EC891950375900B78F5B /* DetailViewController.m */,
				6605EC8B1950375900B78F5B /* Images.xcassets */,
				6605EC771950375900B78F5B /* Supporting Files */,
			);
			path = 0617;
			sourceTree = "<group>";
		};
		6605EC771950375900B78F5B /* Supporting Files */ = {
			isa = PBXGroup;
			children = (
				6605EC781950375900B78F5B /* 0617-Info.plist */,
				6605EC791950375900B78F5B /* InfoPlist.strings */,
				6605EC7C1950375900B78F5B /* main.m */,
				6605EC7E1950375900B78F5B /* 0617-Prefix.pch */,
			);
			name = "Supporting Files";
			sourceTree = "<group>";
		};
		6605EC981950375900B78F5B /* 0617Tests */ = {
			isa = PBXGroup;
			children = (
				6605EC9E1950375900B78F5B /* _617Tests.m */,
				6605EC991950375900B78F5B /* Supporting Files */,
			);
			path = 0617Tests;
			sourceTree = "<group>";
		};
		6605EC991950375900B78F5B /* Supporting Files */ = {
			isa = PBXGroup;
			children = (
				6605EC9A1950375900B78F5B /* 0617Tests-Info.plist */,
				6605EC9B1950375900B78F5B /* InfoPlist.strings */,
			);
			name = "Supporting Files";
			sourceTree = "<group>";
		};
/* End PBXGroup section */

/* Begin PBXNativeTarget section */
		6605EC6C1950375900B78F5B /* 0617 */ = {
			isa = PBXNativeTarget;
			buildConfigurationList = 6605ECA21950375900B78F5B /* Build configuration list for PBXNativeTarget "0617" */;
			buildPhases = (
				6605EC691950375900B78F5B /* Sources */,
				6605EC6A1950375900B78F5B /* Frameworks */,
				6605EC6B1950375900B78F5B /* Resources */,
			);
			buildRules = (
			);
			dependencies = (
			);
			name = 0617;
			productName = 0617;
			productReference = 6605EC6D1950375900B78F5B /* 0617.app */;
			productType = "com.apple.product-type.application";
		};
		6605EC901950375900B78F5B /* 0617Tests */ = {
			isa = PBXNativeTarget;
			buildConfigurationList = 6605ECA51950375900B78F5B /* Build configuration list for PBXNativeTarget "0617Tests" */;
			buildPhases = (
				6605EC8D1950375900B78F5B /* Sources */,
				6605EC8E1950375900B78F5B /* Frameworks */,
				6605EC8F1950375900B78F5B /* Resources */,
			);
			buildRules = (
			);
			dependencies = (
				6605EC971950375900B78F5B /* PBXTargetDependency */,
			);
			name = 0617Tests;
			productName = 0617Tests;
			productReference = 6605EC911950375900B78F5B /* 0617Tests.xctest */;
			productType = "com.apple.product-type.bundle.unit-test";
		};
/* End PBXNativeTarget section */

/* Begin PBXProject section */
		6605EC651950375900B78F5B /* Project object */ = {
			isa = PBXProject;
			attributes = {
				LastUpgradeCheck = 0510;
				ORGANIZATIONNAME = EUPFIN;
				TargetAttributes = {
					6605EC901950375900B78F5B = {
						TestTargetID = 6605EC6C1950375900B78F5B;
					};
				};
			};
			buildConfigurationList = 6605EC681950375900B78F5B /* Build configuration list for PBXProject "0617" */;
			compatibilityVersion = "Xcode 3.2";
			developmentRegion = English;
			hasScannedForEncodings = 0;
			knownRegions = (
				en,
				Base,
			);
			mainGroup = 6605EC641950375900B78F5B;
			productRefGroup = 6605EC6E1950375900B78F5B /* Products */;
			projectDirPath = "";
			projectRoot = "";
			targets = (
				6605EC6C1950375900B78F5B /* 0617 */,
				6605EC901950375900B78F5B /* 0617Tests */,
			);
		};
/* End PBXProject section */

/* Begin PBXResourcesBuildPhase section */
		6605EC6B1950375900B78F5B /* Resources */ = {
			isa = PBXResourcesBuildPhase;
			buildActionMask = 2147483647;
			files = (
				6605EC8C1950375900B78F5B /* Images.xcassets in Resources */,
				6605EC7B1950375900B78F5B /* InfoPlist.strings in Resources */,
				6605EC841950375900B78F5B /* Main.storyboard in Resources */,
			);
			runOnlyForDeploymentPostprocessing = 0;
		};
		6605EC8F1950375900B78F5B /* Resources */ = {
			isa = PBXResourcesBuildPhase;
			buildActionMask = 2147483647;
			files = (
				6605EC9D1950375900B78F5B /* InfoPlist.strings in Resources */,
			);
			runOnlyForDeploymentPostprocessing = 0;
		};
/* End PBXResourcesBuildPhase section */

/* Begin PBXSourcesBuildPhase section */
		6605EC691950375900B78F5B /* Sources */ = {
			isa = PBXSourcesBuildPhase;
			buildActionMask = 2147483647;
			files = (
				6605EC811950375900B78F5B /* AppDelegate.m in Sources */,
				6605EC871950375900B78F5B /* MasterViewController.m in Sources */,
				6605EC7D1950375900B78F5B /* main.m in Sources */,
				6605EC8A1950375900B78F5B /* DetailViewController.m in Sources */,
			);
			runOnlyForDeploymentPostprocessing = 0;
		};
		6605EC8D1950375900B78F5B /* Sources */ = {
			isa = PBXSourcesBuildPhase;
			buildActionMask = 2147483647;
			files = (
				6605EC9F1950375900B78F5B /* _617Tests.m in Sources */,
			);
			runOnlyForDeploymentPostprocessing = 0;
		};
/* End PBXSourcesBuildPhase section */

/* Begin PBXTargetDependency section */
		6605EC971950375900B78F5B /* PBXTargetDependency */ = {
			isa = PBXTargetDependency;
			target = 6605EC6C1950375900B78F5B /* 0617 */;
			targetProxy = 6605EC961950375900B78F5B /* PBXContainerItemProxy */;
		};
/* End PBXTargetDependency section */

/* Begin PBXVariantGroup section */
		6605EC791950375900B78F5B /* InfoPlist.strings */ = {
			isa = PBXVariantGroup;
			children = (
				6605EC7A1950375900B78F5B /* en */,
			);
			name = InfoPlist.strings;
			sourceTree = "<group>";
		};
		6605EC821950375900B78F5B /* Main.storyboard */ = {
			isa = PBXVariantGroup;
			children = (
				6605EC831950375900B78F5B /* Base */,
			);
			name = Main.storyboard;
			sourceTree = "<group>";
		};
		6605EC9B1950375900B78F5B /* InfoPlist.strings */ = {
			isa = PBXVariantGroup;
			children = (
				6605EC9C1950375900B78F5B /* en */,
			);
			name = InfoPlist.strings;
			sourceTree = "<group>";
		};
/* End PBXVariantGroup section */

/* Begin XCBuildConfiguration section */
		6605ECA01950375900B78F5B /* Debug */ = {
			isa = XCBuildConfiguration;
			buildSettings = {
				ALWAYS_SEARCH_USER_PATHS = NO;
				CLANG_CXX_LANGUAGE_STANDARD = "gnu++0x";
				CLANG_CXX_LIBRARY = "libc++";
				CLANG_ENABLE_MODULES = YES;
				CLANG_ENABLE_OBJC_ARC = YES;
				CLANG_WARN_BOOL_CONVERSION = YES;
				CLANG_WARN_CONSTANT_CONVERSION = YES;
				CLANG_WARN_DIRECT_OBJC_ISA_USAGE = YES_ERROR;
				CLANG_WARN_EMPTY_BODY = YES;
				CLANG_WARN_ENUM_CONVERSION = YES;
				CLANG_WARN_INT_CONVERSION = YES;
				CLANG_WARN_OBJC_ROOT_CLASS = YES_ERROR;
				CLANG_WARN__DUPLICATE_METHOD_MATCH = YES;
				"CODE_SIGN_IDENTITY[sdk=iphoneos*]" = "iPhone Developer";
				COPY_PHASE_STRIP = NO;
				GCC_C_LANGUAGE_STANDARD = gnu99;
				GCC_DYNAMIC_NO_PIC = NO;
				GCC_OPTIMIZATION_LEVEL = 0;
				GCC_PREPROCESSOR_DEFINITIONS = (
					"DEBUG=1",
					"$(inherited)",
				);
				GCC_SYMBOLS_PRIVATE_EXTERN = NO;
				GCC_WARN_64_TO_32_BIT_CONVERSION = YES;
				GCC_WARN_ABOUT_RETURN_TYPE = YES_ERROR;
				GCC_WARN_UNDECLARED_SELECTOR = YES;
				GCC_WARN_UNINITIALIZED_AUTOS = YES_AGGRESSIVE;
				GCC_WARN_UNUSED_FUNCTION = YES;
				GCC_WARN_UNUSED_VARIABLE = YES;
				IPHONEOS_DEPLOYMENT_TARGET = 7.1;
				ONLY_ACTIVE_ARCH = YES;
				SDKROOT = iphoneos;
			};
			name = Debug;
		};
		6605ECA11950375900B78F5B /* Release */ = {
			isa = XCBuildConfiguration;
			buildSettings = {
				ALWAYS_SEARCH_USER_PATHS = NO;
				CLANG_CXX_LANGUAGE_STANDARD = "gnu++0x";
				CLANG_CXX_LIBRARY = "libc++";
				CLANG_ENABLE_MODULES = YES;
				CLANG_ENABLE_OBJC_ARC = YES;
				CLANG_WARN_BOOL_CONVERSION = YES;
				CLANG_WARN_CONSTANT_CONVERSION = YES;
				CLANG_WARN_DIRECT_OBJC_ISA_USAGE = YES_ERROR;
				CLANG_WARN_EMPTY_BODY = YES;
				CLANG_WARN_ENUM_CONVERSION = YES;
				CLANG_WARN_INT_CONVERSION = YES;
				CLANG_WARN_OBJC_ROOT_CLASS = YES_ERROR;
				CLANG_WARN__DUPLICATE_METHOD_MATCH = YES;
				"CODE_SIGN_IDENTITY[sdk=iphoneos*]" = "iPhone Developer";
				COPY_PHASE_STRIP = YES;
				ENABLE_NS_ASSERTIONS = NO;
				GCC_C_LANGUAGE_STANDARD = gnu99;
				GCC_WARN_64_TO_32_BIT_CONVERSION = YES;
				GCC_WARN_ABOUT_RETURN_TYPE = YES_ERROR;
				GCC_WARN_UNDECLARED_SELECTOR = YES;
				GCC_WARN_UNINITIALIZED_AUTOS = YES_AGGRESSIVE;
				GCC_WARN_UNUSED_FUNCTION = YES;
				GCC_WARN_UNUSED_VARIABLE = YES;
				IPHONEOS_DEPLOYMENT_TARGET = 7.1;
				SDKROOT = iphoneos;
				VALIDATE_PRODUCT = YES;
			};
			name = Release;
		};
		6605ECA31950375900B78F5B /* Debug */ = {
			isa = XCBuildConfiguration;
			buildSettings = {
				ASSETCATALOG_COMPILER_APPICON_NAME = AppIcon;
				ASSETCATALOG_COMPILER_LAUNCHIMAGE_NAME = LaunchImage;
				GCC_PRECOMPILE_PREFIX_HEADER = YES;
				GCC_PREFIX_HEADER = "0617/0617-Prefix.pch";
				INFOPLIST_FILE = "0617/0617-Info.plist";
				PRODUCT_NAME = "$(TARGET_NAME)";
				WRAPPER_EXTENSION = app;
			};
			name = Debug;
		};
		6605ECA41950375900B78F5B /* Release */ = {
			isa = XCBuildConfiguration;
			buildSettings = {
				ASSETCATALOG_COMPILER_APPICON_NAME = AppIcon;
				ASSETCATALOG_COMPILER_LAUNCHIMAGE_NAME = LaunchImage;
				GCC_PRECOMPILE_PREFIX_HEADER = YES;
				GCC_PREFIX_HEADER = "0617/0617-Prefix.pch";
				INFOPLIST_FILE = "0617/0617-Info.plist";
				PRODUCT_NAME = "$(TARGET_NAME)";
				WRAPPER_EXTENSION = app;
			};
			name = Release;
		};
		6605ECA61950375900B78F5B /* Debug */ = {
			isa = XCBuildConfiguration;
			buildSettings = {
				BUNDLE_LOADER = "$(BUILT_PRODUCTS_DIR)/0617.app/0617";
				FRAMEWORK_SEARCH_PATHS = (
					"$(SDKROOT)/Developer/Library/Frameworks",
					"$(inherited)",
					"$(DEVELOPER_FRAMEWORKS_DIR)",
				);
				GCC_PRECOMPILE_PREFIX_HEADER = YES;
				GCC_PREFIX_HEADER = "0617/0617-Prefix.pch";
				GCC_PREPROCESSOR_DEFINITIONS = (
					"DEBUG=1",
					"$(inherited)",
				);
				INFOPLIST_FILE = "0617Tests/0617Tests-Info.plist";
				PRODUCT_NAME = "$(TARGET_NAME)";
				TEST_HOST = "$(BUNDLE_LOADER)";
				WRAPPER_EXTENSION = xctest;
			};
			name = Debug;
		};
		6605ECA71950375900B78F5B /* Release */ = {
			isa = XCBuildConfiguration;
			buildSettings = {
				BUNDLE_LOADER = "$(BUILT_PRODUCTS_DIR)/0617.app/0617";
				FRAMEWORK_SEARCH_PATHS = (
					"$(SDKROOT)/Developer/Library/Frameworks",
					"$(inherited)",
					"$(DEVELOPER_FRAMEWORKS_DIR)",
				);
				GCC_PRECOMPILE_PREFIX_HEADER = YES;
				GCC_PREFIX_HEADER = "0617/0617-Prefix.pch";
				INFOPLIST_FILE = "0617Tests/0617Tests-Info.plist";
				PRODUCT_NAME = "$(TARGET_NAME)";
				TEST_HOST = "$(BUNDLE_LOADER)";
				WRAPPER_EXTENSION = xctest;
			};
			name = Release;
		};
/* End XCBuildConfiguration section */

/* Begin XCConfigurationList section */
		6605EC681950375900B78F5B /* Build configuration list for PBXProject "0617" */ = {
			isa = XCConfigurationList;
			buildConfigurations = (
				6605ECA01950375900B78F5B /* Debug */,
				6605ECA11950375900B78F5B /* Release */,
			);
			defaultConfigurationIsVisible = 0;
			defaultConfigurationName = Release;
		};
		6605ECA21950375900B78F5B /* Build configuration list for PBXNativeTarget "0617" */ = {
			isa = XCConfigurationList;
			buildConfigurations = (
				6605ECA31950375900B78F5B /* Debug */,
				6605ECA41950375900B78F5B /* Release */,
			);
			defaultConfigurationIsVisible = 0;
		};
		6605ECA51950375900B78F5B /* Build configuration list for PBXNativeTarget "0617Tests" */ = {
			isa = XCConfigurationList;
			buildConfigurations = (
				6605ECA61950375900B78F5B /* Debug */,
				6605ECA71950375900B78F5B /* Release */,
			);
			defaultConfigurationIsVisible = 0;
		};
/* End XCConfigurationList section */
	};
	rootObject = 6605EC651950375900B78F5B /* Project object */;
}
